// !$*UTF8*$!
{
	archiveVersion = 1;
	classes = {
	};
	objectVersion = 50;
	objects = {

/* Begin PBXBuildFile section */
		CE34F8F120C77A3F0063B771 /* AppDelegate.swift in Sources */ = {isa = PBXBuildFile; fileRef = CE34F8F020C77A3F0063B771 /* AppDelegate.swift */; };
		CE34F8F320C77A3F0063B771 /* ViewController.swift in Sources */ = {isa = PBXBuildFile; fileRef = CE34F8F220C77A3F0063B771 /* ViewController.swift */; };
		CE34F8F620C77A3F0063B771 /* Main.storyboard in Resources */ = {isa = PBXBuildFile; fileRef = CE34F8F420C77A3F0063B771 /* Main.storyboard */; };
		CE34F8F820C77A420063B771 /* Assets.xcassets in Resources */ = {isa = PBXBuildFile; fileRef = CE34F8F720C77A420063B771 /* Assets.xcassets */; };
		CE34F8FB20C77A420063B771 /* LaunchScreen.storyboard in Resources */ = {isa = PBXBuildFile; fileRef = CE34F8F920C77A420063B771 /* LaunchScreen.storyboard */; };
		CE34F90720C78C100063B771 /* jsb_module_register.cpp in Sources */ = {isa = PBXBuildFile; fileRef = CE34F90520C78C0F0063B771 /* jsb_module_register.cpp */; };
		CE34F90820C78C100063B771 /* AppDelegate.cpp in Sources */ = {isa = PBXBuildFile; fileRef = CE34F90620C78C0F0063B771 /* AppDelegate.cpp */; };
		CE34F90F20C78CA70063B771 /* project.json in Resources */ = {isa = PBXBuildFile; fileRef = CE34F90B20C78CA60063B771 /* project.json */; };
		CE34F91020C78CA70063B771 /* src in Resources */ = {isa = PBXBuildFile; fileRef = CE34F90C20C78CA60063B771 /* src */; };
		CE34F91120C78CA70063B771 /* main.js in Resources */ = {isa = PBXBuildFile; fileRef = CE34F90D20C78CA60063B771 /* main.js */; };
		CE34F91220C78CA70063B771 /* res in Resources */ = {isa = PBXBuildFile; fileRef = CE34F90E20C78CA60063B771 /* res */; };
		CE34F92A20C78E920063B771 /* libcocos2d iOS.a in Frameworks */ = {isa = PBXBuildFile; fileRef = CE34F91B20C78D770063B771 /* libcocos2d iOS.a */; };
		CE34F92B20C78E920063B771 /* libjscocos2d iOS.a in Frameworks */ = {isa = PBXBuildFile; fileRef = CE34F92420C78E5B0063B771 /* libjscocos2d iOS.a */; };
		CE34F92F20C7934C0063B771 /* OpenGLES.framework in Frameworks */ = {isa = PBXBuildFile; fileRef = CE34F92E20C7934C0063B771 /* OpenGLES.framework */; };
		CE34F93120C793540063B771 /* CoreGraphics.framework in Frameworks */ = {isa = PBXBuildFile; fileRef = CE34F93020C793540063B771 /* CoreGraphics.framework */; };
		CE34F93320C793670063B771 /* Foundation.framework in Frameworks */ = {isa = PBXBuildFile; fileRef = CE34F93220C793670063B771 /* Foundation.framework */; };
		CE34F93520C793700063B771 /* AVFoundation.framework in Frameworks */ = {isa = PBXBuildFile; fileRef = CE34F93420C793700063B771 /* AVFoundation.framework */; };
		CE34F93720C793760063B771 /* AudioToolbox.framework in Frameworks */ = {isa = PBXBuildFile; fileRef = CE34F93620C793760063B771 /* AudioToolbox.framework */; };
		CE34F93920C7937D0063B771 /* OpenAL.framework in Frameworks */ = {isa = PBXBuildFile; fileRef = CE34F93820C7937D0063B771 /* OpenAL.framework */; };
		CE34F93B20C793860063B771 /* QuartzCore.framework in Frameworks */ = {isa = PBXBuildFile; fileRef = CE34F93A20C793850063B771 /* QuartzCore.framework */; };
		CE34F93D20C7938E0063B771 /* CoreMotion.framework in Frameworks */ = {isa = PBXBuildFile; fileRef = CE34F93C20C7938E0063B771 /* CoreMotion.framework */; };
		CE34F93F20C793A10063B771 /* libz.1.dylib in Frameworks */ = {isa = PBXBuildFile; fileRef = CE34F93E20C793A10063B771 /* libz.1.dylib */; };
		CE34F94120C793B90063B771 /* libsqlite3.dylib in Frameworks */ = {isa = PBXBuildFile; fileRef = CE34F94020C793B90063B771 /* libsqlite3.dylib */; };
		CE34F94320C793C10063B771 /* MediaPlayer.framework in Frameworks */ = {isa = PBXBuildFile; fileRef = CE34F94220C793C10063B771 /* MediaPlayer.framework */; };
		CE34F94520C793CE0063B771 /* Security.framework in Frameworks */ = {isa = PBXBuildFile; fileRef = CE34F94420C793CE0063B771 /* Security.framework */; };
		CE34F94720C793F50063B771 /* libiconv.2.dylib in Frameworks */ = {isa = PBXBuildFile; fileRef = CE34F94620C793F50063B771 /* libiconv.2.dylib */; };
		CE34F94920C793FF0063B771 /* CoreText.framework in Frameworks */ = {isa = PBXBuildFile; fileRef = CE34F94820C793FF0063B771 /* CoreText.framework */; };
		CE34F94B20C794060063B771 /* CFNetwork.framework in Frameworks */ = {isa = PBXBuildFile; fileRef = CE34F94A20C794060063B771 /* CFNetwork.framework */; };
		CE34F94D20C7940D0063B771 /* CoreFoundation.framework in Frameworks */ = {isa = PBXBuildFile; fileRef = CE34F94C20C7940D0063B771 /* CoreFoundation.framework */; };
		CE34F94F20C794180063B771 /* MobileCoreServices.framework in Frameworks */ = {isa = PBXBuildFile; fileRef = CE34F94E20C794170063B771 /* MobileCoreServices.framework */; };
		CE34F95120C7941F0063B771 /* SystemConfiguration.framework in Frameworks */ = {isa = PBXBuildFile; fileRef = CE34F95020C7941E0063B771 /* SystemConfiguration.framework */; };
		CE34F95320C7944C0063B771 /* GameController.framework in Frameworks */ = {isa = PBXBuildFile; fileRef = CE34F95220C7944C0063B771 /* GameController.framework */; };
		CE34F95520C794510063B771 /* JavaScriptCore.framework in Frameworks */ = {isa = PBXBuildFile; fileRef = CE34F95420C794510063B771 /* JavaScriptCore.framework */; };
		CE34F95720C7945D0063B771 /* libicucore.A.tbd in Frameworks */ = {isa = PBXBuildFile; fileRef = CE34F95620C7945D0063B771 /* libicucore.A.tbd */; };
		CE34F95920C7B6230063B771 /* script in Resources */ = {isa = PBXBuildFile; fileRef = CE34F95820C7B6230063B771 /* script */; };
		CE34F95E20C7B8BA0063B771 /* CocosBridge.mm in Sources */ = {isa = PBXBuildFile; fileRef = CE34F95D20C7B8BA0063B771 /* CocosBridge.mm */; };
		CE34F96520C7BA8C0063B771 /* CocosViewController.mm in Sources */ = {isa = PBXBuildFile; fileRef = CE34F96420C7BA8C0063B771 /* CocosViewController.mm */; };
/* End PBXBuildFile section */

/* Begin PBXContainerItemProxy section */
		CE34F91820C78D770063B771 /* PBXContainerItemProxy */ = {
			isa = PBXContainerItemProxy;
			containerPortal = CE34F91320C78D760063B771 /* cocos2d_libs.xcodeproj */;
			proxyType = 2;
			remoteGlobalIDString = 1551A33F158F2AB200E66CFE;
			remoteInfo = "libcocos2d Mac";
		};
		CE34F91A20C78D770063B771 /* PBXContainerItemProxy */ = {
			isa = PBXContainerItemProxy;
			containerPortal = CE34F91320C78D760063B771 /* cocos2d_libs.xcodeproj */;
			proxyType = 2;
			remoteGlobalIDString = A07A4D641783777C0073F6A7;
			remoteInfo = "libcocos2d iOS";
		};
		CE34F92120C78E5B0063B771 /* PBXContainerItemProxy */ = {
			isa = PBXContainerItemProxy;
			containerPortal = CE34F91C20C78E5B0063B771 /* cocos2d_js_bindings.xcodeproj */;
			proxyType = 2;
			remoteGlobalIDString = 1A5410A418B785A10016A3AF;
			remoteInfo = "libjscocos2d Mac";
		};
		CE34F92320C78E5B0063B771 /* PBXContainerItemProxy */ = {
			isa = PBXContainerItemProxy;
			containerPortal = CE34F91C20C78E5B0063B771 /* cocos2d_js_bindings.xcodeproj */;
			proxyType = 2;
			remoteGlobalIDString = 1A5410A518B785A10016A3AF;
			remoteInfo = "libjscocos2d iOS";
		};
		CE34F92520C78E880063B771 /* PBXContainerItemProxy */ = {
			isa = PBXContainerItemProxy;
			containerPortal = CE34F91C20C78E5B0063B771 /* cocos2d_js_bindings.xcodeproj */;
			proxyType = 1;
			remoteGlobalIDString = A07A4FB5178387750073F6A7;
			remoteInfo = "libjscocos2d iOS";
		};
		CE34F92720C78E880063B771 /* PBXContainerItemProxy */ = {
			isa = PBXContainerItemProxy;
			containerPortal = CE34F91320C78D760063B771 /* cocos2d_libs.xcodeproj */;
			proxyType = 1;
			remoteGlobalIDString = A07A4C241783777C0073F6A7;
			remoteInfo = "libcocos2d iOS";
		};
/* End PBXContainerItemProxy section */

/* Begin PBXFileReference section */
		CE34F8ED20C77A3F0063B771 /* CocosJS.app */ = {isa = PBXFileReference; explicitFileType = wrapper.application; includeInIndex = 0; path = CocosJS.app; sourceTree = BUILT_PRODUCTS_DIR; };
		CE34F8F020C77A3F0063B771 /* AppDelegate.swift */ = {isa = PBXFileReference; lastKnownFileType = sourcecode.swift; path = AppDelegate.swift; sourceTree = "<group>"; };
		CE34F8F220C77A3F0063B771 /* ViewController.swift */ = {isa = PBXFileReference; lastKnownFileType = sourcecode.swift; path = ViewController.swift; sourceTree = "<group>"; };
		CE34F8F520C77A3F0063B771 /* Base */ = {isa = PBXFileReference; lastKnownFileType = file.storyboard; name = Base; path = Base.lproj/Main.storyboard; sourceTree = "<group>"; };
		CE34F8F720C77A420063B771 /* Assets.xcassets */ = {isa = PBXFileReference; lastKnownFileType = folder.assetcatalog; path = Assets.xcassets; sourceTree = "<group>"; };
		CE34F8FA20C77A420063B771 /* Base */ = {isa = PBXFileReference; lastKnownFileType = file.storyboard; name = Base; path = Base.lproj/LaunchScreen.storyboard; sourceTree = "<group>"; };
		CE34F8FC20C77A420063B771 /* Info.plist */ = {isa = PBXFileReference; lastKnownFileType = text.plist.xml; path = Info.plist; sourceTree = "<group>"; };
		CE34F90420C78C0F0063B771 /* AppDelegate.h */ = {isa = PBXFileReference; fileEncoding = 4; lastKnownFileType = sourcecode.c.h; path = AppDelegate.h; sourceTree = "<group>"; };
		CE34F90520C78C0F0063B771 /* jsb_module_register.cpp */ = {isa = PBXFileReference; fileEncoding = 4; lastKnownFileType = sourcecode.cpp.cpp; path = jsb_module_register.cpp; sourceTree = "<group>"; };
		CE34F90620C78C0F0063B771 /* AppDelegate.cpp */ = {isa = PBXFileReference; fileEncoding = 4; lastKnownFileType = sourcecode.cpp.cpp; path = AppDelegate.cpp; sourceTree = "<group>"; };
		CE34F90B20C78CA60063B771 /* project.json */ = {isa = PBXFileReference; fileEncoding = 4; lastKnownFileType = text.json; path = project.json; sourceTree = "<group>"; };
		CE34F90C20C78CA60063B771 /* src */ = {isa = PBXFileReference; lastKnownFileType = folder; path = src; sourceTree = "<group>"; };
		CE34F90D20C78CA60063B771 /* main.js */ = {isa = PBXFileReference; fileEncoding = 4; lastKnownFileType = sourcecode.javascript; path = main.js; sourceTree = "<group>"; };
		CE34F90E20C78CA60063B771 /* res */ = {isa = PBXFileReference; lastKnownFileType = folder; path = res; sourceTree = "<group>"; };
		CE34F91320C78D760063B771 /* cocos2d_libs.xcodeproj */ = {isa = PBXFileReference; lastKnownFileType = "wrapper.pb-project"; name = cocos2d_libs.xcodeproj; path = "cocos2d-x/build/cocos2d_libs.xcodeproj"; sourceTree = "<group>"; };
		CE34F91C20C78E5B0063B771 /* cocos2d_js_bindings.xcodeproj */ = {isa = PBXFileReference; lastKnownFileType = "wrapper.pb-project"; name = cocos2d_js_bindings.xcodeproj; path = "cocos2d-x/cocos/scripting/js-bindings/proj.ios_mac/cocos2d_js_bindings.xcodeproj"; sourceTree = "<group>"; };
		CE34F92E20C7934C0063B771 /* OpenGLES.framework */ = {isa = PBXFileReference; lastKnownFileType = wrapper.framework; name = OpenGLES.framework; path = System/Library/Frameworks/OpenGLES.framework; sourceTree = SDKROOT; };
		CE34F93020C793540063B771 /* CoreGraphics.framework */ = {isa = PBXFileReference; lastKnownFileType = wrapper.framework; name = CoreGraphics.framework; path = System/Library/Frameworks/CoreGraphics.framework; sourceTree = SDKROOT; };
		CE34F93220C793670063B771 /* Foundation.framework */ = {isa = PBXFileReference; lastKnownFileType = wrapper.framework; name = Foundation.framework; path = System/Library/Frameworks/Foundation.framework; sourceTree = SDKROOT; };
		CE34F93420C793700063B771 /* AVFoundation.framework */ = {isa = PBXFileReference; lastKnownFileType = wrapper.framework; name = AVFoundation.framework; path = System/Library/Frameworks/AVFoundation.framework; sourceTree = SDKROOT; };
		CE34F93620C793760063B771 /* AudioToolbox.framework */ = {isa = PBXFileReference; lastKnownFileType = wrapper.framework; name = AudioToolbox.framework; path = System/Library/Frameworks/AudioToolbox.framework; sourceTree = SDKROOT; };
		CE34F93820C7937D0063B771 /* OpenAL.framework */ = {isa = PBXFileReference; lastKnownFileType = wrapper.framework; name = OpenAL.framework; path = System/Library/Frameworks/OpenAL.framework; sourceTree = SDKROOT; };
		CE34F93A20C793850063B771 /* QuartzCore.framework */ = {isa = PBXFileReference; lastKnownFileType = wrapper.framework; name = QuartzCore.framework; path = System/Library/Frameworks/QuartzCore.framework; sourceTree = SDKROOT; };
		CE34F93C20C7938E0063B771 /* CoreMotion.framework */ = {isa = PBXFileReference; lastKnownFileType = wrapper.framework; name = CoreMotion.framework; path = System/Library/Frameworks/CoreMotion.framework; sourceTree = SDKROOT; };
		CE34F93E20C793A10063B771 /* libz.1.dylib */ = {isa = PBXFileReference; lastKnownFileType = "compiled.mach-o.dylib"; name = libz.1.dylib; path = ../../../../usr/lib/libz.1.dylib; sourceTree = "<group>"; };
		CE34F94020C793B90063B771 /* libsqlite3.dylib */ = {isa = PBXFileReference; lastKnownFileType = "compiled.mach-o.dylib"; name = libsqlite3.dylib; path = ../../../../usr/lib/libsqlite3.dylib; sourceTree = "<group>"; };
		CE34F94220C793C10063B771 /* MediaPlayer.framework */ = {isa = PBXFileReference; lastKnownFileType = wrapper.framework; name = MediaPlayer.framework; path = System/Library/Frameworks/MediaPlayer.framework; sourceTree = SDKROOT; };
		CE34F94420C793CE0063B771 /* Security.framework */ = {isa = PBXFileReference; lastKnownFileType = wrapper.framework; name = Security.framework; path = System/Library/Frameworks/Security.framework; sourceTree = SDKROOT; };
		CE34F94620C793F50063B771 /* libiconv.2.dylib */ = {isa = PBXFileReference; lastKnownFileType = "compiled.mach-o.dylib"; name = libiconv.2.dylib; path = ../../../../usr/lib/libiconv.2.dylib; sourceTree = "<group>"; };
		CE34F94820C793FF0063B771 /* CoreText.framework */ = {isa = PBXFileReference; lastKnownFileType = wrapper.framework; name = CoreText.framework; path = System/Library/Frameworks/CoreText.framework; sourceTree = SDKROOT; };
		CE34F94A20C794060063B771 /* CFNetwork.framework */ = {isa = PBXFileReference; lastKnownFileType = wrapper.framework; name = CFNetwork.framework; path = System/Library/Frameworks/CFNetwork.framework; sourceTree = SDKROOT; };
		CE34F94C20C7940D0063B771 /* CoreFoundation.framework */ = {isa = PBXFileReference; lastKnownFileType = wrapper.framework; name = CoreFoundation.framework; path = System/Library/Frameworks/CoreFoundation.framework; sourceTree = SDKROOT; };
		CE34F94E20C794170063B771 /* MobileCoreServices.framework */ = {isa = PBXFileReference; lastKnownFileType = wrapper.framework; name = MobileCoreServices.framework; path = System/Library/Frameworks/MobileCoreServices.framework; sourceTree = SDKROOT; };
		CE34F95020C7941E0063B771 /* SystemConfiguration.framework */ = {isa = PBXFileReference; lastKnownFileType = wrapper.framework; name = SystemConfiguration.framework; path = System/Library/Frameworks/SystemConfiguration.framework; sourceTree = SDKROOT; };
		CE34F95220C7944C0063B771 /* GameController.framework */ = {isa = PBXFileReference; lastKnownFileType = wrapper.framework; name = GameController.framework; path = System/Library/Frameworks/GameController.framework; sourceTree = SDKROOT; };
		CE34F95420C794510063B771 /* JavaScriptCore.framework */ = {isa = PBXFileReference; lastKnownFileType = wrapper.framework; name = JavaScriptCore.framework; path = System/Library/Frameworks/JavaScriptCore.framework; sourceTree = SDKROOT; };
		CE34F95620C7945D0063B771 /* libicucore.A.tbd */ = {isa = PBXFileReference; lastKnownFileType = "sourcecode.text-based-dylib-definition"; name = libicucore.A.tbd; path = usr/lib/libicucore.A.tbd; sourceTree = SDKROOT; };
		CE34F95820C7B6230063B771 /* script */ = {isa = PBXFileReference; lastKnownFileType = folder; name = script; path = "cocos2d-x/cocos/scripting/js-bindings/script"; sourceTree = SOURCE_ROOT; };
		CE34F95C20C7B8BA0063B771 /* CocosBridge.h */ = {isa = PBXFileReference; lastKnownFileType = sourcecode.c.h; path = CocosBridge.h; sourceTree = "<group>"; };
		CE34F95D20C7B8BA0063B771 /* CocosBridge.mm */ = {isa = PBXFileReference; lastKnownFileType = sourcecode.cpp.objcpp; path = CocosBridge.mm; sourceTree = "<group>"; };
		CE34F95F20C7B8E30063B771 /* CocosJS-Bridge-Header.h */ = {isa = PBXFileReference; lastKnownFileType = sourcecode.c.h; path = "CocosJS-Bridge-Header.h"; sourceTree = "<group>"; };
		CE34F96320C7BA8C0063B771 /* CocosViewController.h */ = {isa = PBXFileReference; fileEncoding = 4; lastKnownFileType = sourcecode.c.h; path = CocosViewController.h; sourceTree = "<group>"; };
		CE34F96420C7BA8C0063B771 /* CocosViewController.mm */ = {isa = PBXFileReference; fileEncoding = 4; lastKnownFileType = sourcecode.cpp.objcpp; path = CocosViewController.mm; sourceTree = "<group>"; };
/* End PBXFileReference section */

/* Begin PBXFrameworksBuildPhase section */
		CE34F8EA20C77A3F0063B771 /* Frameworks */ = {
			isa = PBXFrameworksBuildPhase;
			buildActionMask = 2147483647;
			files = (
				CE34F95720C7945D0063B771 /* libicucore.A.tbd in Frameworks */,
				CE34F95520C794510063B771 /* JavaScriptCore.framework in Frameworks */,
				CE34F95320C7944C0063B771 /* GameController.framework in Frameworks */,
				CE34F95120C7941F0063B771 /* SystemConfiguration.framework in Frameworks */,
				CE34F94F20C794180063B771 /* MobileCoreServices.framework in Frameworks */,
				CE34F94D20C7940D0063B771 /* CoreFoundation.framework in Frameworks */,
				CE34F94B20C794060063B771 /* CFNetwork.framework in Frameworks */,
				CE34F94920C793FF0063B771 /* CoreText.framework in Frameworks */,
				CE34F94720C793F50063B771 /* libiconv.2.dylib in Frameworks */,
				CE34F94520C793CE0063B771 /* Security.framework in Frameworks */,
				CE34F94320C793C10063B771 /* MediaPlayer.framework in Frameworks */,
				CE34F94120C793B90063B771 /* libsqlite3.dylib in Frameworks */,
				CE34F93F20C793A10063B771 /* libz.1.dylib in Frameworks */,
				CE34F93D20C7938E0063B771 /* CoreMotion.framework in Frameworks */,
				CE34F93B20C793860063B771 /* QuartzCore.framework in Frameworks */,
				CE34F93920C7937D0063B771 /* OpenAL.framework in Frameworks */,
				CE34F93720C793760063B771 /* AudioToolbox.framework in Frameworks */,
				CE34F93520C793700063B771 /* AVFoundation.framework in Frameworks */,
				CE34F93320C793670063B771 /* Foundation.framework in Frameworks */,
				CE34F93120C793540063B771 /* CoreGraphics.framework in Frameworks */,
				CE34F92F20C7934C0063B771 /* OpenGLES.framework in Frameworks */,
				CE34F92A20C78E920063B771 /* libcocos2d iOS.a in Frameworks */,
				CE34F92B20C78E920063B771 /* libjscocos2d iOS.a in Frameworks */,
			);
			runOnlyForDeploymentPostprocessing = 0;
		};
/* End PBXFrameworksBuildPhase section */

/* Begin PBXGroup section */
		CE34F8E420C77A3F0063B771 = {
			isa = PBXGroup;
			children = (
				CE34F91C20C78E5B0063B771 /* cocos2d_js_bindings.xcodeproj */,
				CE34F91320C78D760063B771 /* cocos2d_libs.xcodeproj */,
				CE34F90320C78C0F0063B771 /* Classes */,
				CE34F90220C78C0F0063B771 /* Resources */,
				CE34F8EF20C77A3F0063B771 /* CocosJS */,
				CE34F8EE20C77A3F0063B771 /* Products */,
				CE34F92920C78E920063B771 /* Frameworks */,
			);
			sourceTree = "<group>";
		};
		CE34F8EE20C77A3F0063B771 /* Products */ = {
			isa = PBXGroup;
			children = (
				CE34F8ED20C77A3F0063B771 /* CocosJS.app */,
			);
			name = Products;
			sourceTree = "<group>";
		};
		CE34F8EF20C77A3F0063B771 /* CocosJS */ = {
			isa = PBXGroup;
			children = (
				CE34F8F020C77A3F0063B771 /* AppDelegate.swift */,
				CE34F8F220C77A3F0063B771 /* ViewController.swift */,
				CE34F96320C7BA8C0063B771 /* CocosViewController.h */,
				CE34F96420C7BA8C0063B771 /* CocosViewController.mm */,
				CE34F95F20C7B8E30063B771 /* CocosJS-Bridge-Header.h */,
				CE34F95C20C7B8BA0063B771 /* CocosBridge.h */,
				CE34F95D20C7B8BA0063B771 /* CocosBridge.mm */,
				CE34F8F420C77A3F0063B771 /* Main.storyboard */,
				CE34F8F720C77A420063B771 /* Assets.xcassets */,
				CE34F8F920C77A420063B771 /* LaunchScreen.storyboard */,
				CE34F8FC20C77A420063B771 /* Info.plist */,
			);
			path = CocosJS;
			sourceTree = "<group>";
		};
		CE34F90220C78C0F0063B771 /* Resources */ = {
			isa = PBXGroup;
			children = (
				CE34F95820C7B6230063B771 /* script */,
				CE34F90D20C78CA60063B771 /* main.js */,
				CE34F90B20C78CA60063B771 /* project.json */,
				CE34F90E20C78CA60063B771 /* res */,
				CE34F90C20C78CA60063B771 /* src */,
			);
			path = Resources;
			sourceTree = "<group>";
		};
		CE34F90320C78C0F0063B771 /* Classes */ = {
			isa = PBXGroup;
			children = (
				CE34F90420C78C0F0063B771 /* AppDelegate.h */,
				CE34F90520C78C0F0063B771 /* jsb_module_register.cpp */,
				CE34F90620C78C0F0063B771 /* AppDelegate.cpp */,
			);
			path = Classes;
			sourceTree = "<group>";
		};
		CE34F91420C78D760063B771 /* Products */ = {
			isa = PBXGroup;
			children = (
				CE34F91920C78D770063B771 /* libcocos2d Mac.a */,
				CE34F91B20C78D770063B771 /* libcocos2d iOS.a */,
			);
			name = Products;
			sourceTree = "<group>";
		};
		CE34F91D20C78E5B0063B771 /* Products */ = {
			isa = PBXGroup;
			children = (
				CE34F92220C78E5B0063B771 /* libjscocos2d Mac.a */,
				CE34F92420C78E5B0063B771 /* libjscocos2d iOS.a */,
			);
			name = Products;
			sourceTree = "<group>";
		};
		CE34F92920C78E920063B771 /* Frameworks */ = {
			isa = PBXGroup;
			children = (
				CE34F95620C7945D0063B771 /* libicucore.A.tbd */,
				CE34F95420C794510063B771 /* JavaScriptCore.framework */,
				CE34F95220C7944C0063B771 /* GameController.framework */,
				CE34F95020C7941E0063B771 /* SystemConfiguration.framework */,
				CE34F94E20C794170063B771 /* MobileCoreServices.framework */,
				CE34F94C20C7940D0063B771 /* CoreFoundation.framework */,
				CE34F94A20C794060063B771 /* CFNetwork.framework */,
				CE34F94820C793FF0063B771 /* CoreText.framework */,
				CE34F94620C793F50063B771 /* libiconv.2.dylib */,
				CE34F94420C793CE0063B771 /* Security.framework */,
				CE34F94220C793C10063B771 /* MediaPlayer.framework */,
				CE34F94020C793B90063B771 /* libsqlite3.dylib */,
				CE34F93E20C793A10063B771 /* libz.1.dylib */,
				CE34F93C20C7938E0063B771 /* CoreMotion.framework */,
				CE34F93A20C793850063B771 /* QuartzCore.framework */,
				CE34F93820C7937D0063B771 /* OpenAL.framework */,
				CE34F93620C793760063B771 /* AudioToolbox.framework */,
				CE34F93420C793700063B771 /* AVFoundation.framework */,
				CE34F93220C793670063B771 /* Foundation.framework */,
				CE34F93020C793540063B771 /* CoreGraphics.framework */,
				CE34F92E20C7934C0063B771 /* OpenGLES.framework */,
			);
			name = Frameworks;
			sourceTree = "<group>";
		};
/* End PBXGroup section */

/* Begin PBXNativeTarget section */
		CE34F8EC20C77A3F0063B771 /* CocosJS */ = {
			isa = PBXNativeTarget;
			buildConfigurationList = CE34F8FF20C77A420063B771 /* Build configuration list for PBXNativeTarget "CocosJS" */;
			buildPhases = (
				CE34F8E920C77A3F0063B771 /* Sources */,
				CE34F8EA20C77A3F0063B771 /* Frameworks */,
				CE34F8EB20C77A3F0063B771 /* Resources */,
			);
			buildRules = (
			);
			dependencies = (
				CE34F92620C78E880063B771 /* PBXTargetDependency */,
				CE34F92820C78E880063B771 /* PBXTargetDependency */,
			);
			name = CocosJS;
			productName = CocosJS;
			productReference = CE34F8ED20C77A3F0063B771 /* CocosJS.app */;
			productType = "com.apple.product-type.application";
		};
/* End PBXNativeTarget section */

/* Begin PBXProject section */
		CE34F8E520C77A3F0063B771 /* Project object */ = {
			isa = PBXProject;
			attributes = {
				LastSwiftUpdateCheck = 0930;
				LastUpgradeCheck = 0930;
				ORGANIZATIONNAME = usiege;
				TargetAttributes = {
					CE34F8EC20C77A3F0063B771 = {
						CreatedOnToolsVersion = 9.3;
					};
				};
			};
			buildConfigurationList = CE34F8E820C77A3F0063B771 /* Build configuration list for PBXProject "CocosJS" */;
			compatibilityVersion = "Xcode 9.3";
			developmentRegion = en;
			hasScannedForEncodings = 0;
			knownRegions = (
				en,
				Base,
			);
			mainGroup = CE34F8E420C77A3F0063B771;
			productRefGroup = CE34F8EE20C77A3F0063B771 /* Products */;
			projectDirPath = "";
			projectReferences = (
				{
					ProductGroup = CE34F91D20C78E5B0063B771 /* Products */;
					ProjectRef = CE34F91C20C78E5B0063B771 /* cocos2d_js_bindings.xcodeproj */;
				},
				{
					ProductGroup = CE34F91420C78D760063B771 /* Products */;
					ProjectRef = CE34F91320C78D760063B771 /* cocos2d_libs.xcodeproj */;
				},
			);
			projectRoot = "";
			targets = (
				CE34F8EC20C77A3F0063B771 /* CocosJS */,
			);
		};
/* End PBXProject section */

/* Begin PBXReferenceProxy section */
		CE34F91920C78D770063B771 /* libcocos2d Mac.a */ = {
			isa = PBXReferenceProxy;
			fileType = archive.ar;
			path = "libcocos2d Mac.a";
			remoteRef = CE34F91820C78D770063B771 /* PBXContainerItemProxy */;
			sourceTree = BUILT_PRODUCTS_DIR;
		};
		CE34F91B20C78D770063B771 /* libcocos2d iOS.a */ = {
			isa = PBXReferenceProxy;
			fileType = archive.ar;
			path = "libcocos2d iOS.a";
			remoteRef = CE34F91A20C78D770063B771 /* PBXContainerItemProxy */;
			sourceTree = BUILT_PRODUCTS_DIR;
		};
		CE34F92220C78E5B0063B771 /* libjscocos2d Mac.a */ = {
			isa = PBXReferenceProxy;
			fileType = archive.ar;
			path = "libjscocos2d Mac.a";
			remoteRef = CE34F92120C78E5B0063B771 /* PBXContainerItemProxy */;
			sourceTree = BUILT_PRODUCTS_DIR;
		};
		CE34F92420C78E5B0063B771 /* libjscocos2d iOS.a */ = {
			isa = PBXReferenceProxy;
			fileType = archive.ar;
			path = "libjscocos2d iOS.a";
			remoteRef = CE34F92320C78E5B0063B771 /* PBXContainerItemProxy */;
			sourceTree = BUILT_PRODUCTS_DIR;
		};
/* End PBXReferenceProxy section */

/* Begin PBXResourcesBuildPhase section */
		CE34F8EB20C77A3F0063B771 /* Resources */ = {
			isa = PBXResourcesBuildPhase;
			buildActionMask = 2147483647;
			files = (
				CE34F8FB20C77A420063B771 /* LaunchScreen.storyboard in Resources */,
				CE34F8F820C77A420063B771 /* Assets.xcassets in Resources */,
				CE34F8F620C77A3F0063B771 /* Main.storyboard in Resources */,
				CE34F95920C7B6230063B771 /* script in Resources */,
				CE34F91120C78CA70063B771 /* main.js in Resources */,
				CE34F91220C78CA70063B771 /* res in Resources */,
				CE34F90F20C78CA70063B771 /* project.json in Resources */,
				CE34F91020C78CA70063B771 /* src in Resources */,
			);
			runOnlyForDeploymentPostprocessing = 0;
		};
/* End PBXResourcesBuildPhase section */

/* Begin PBXSourcesBuildPhase section */
		CE34F8E920C77A3F0063B771 /* Sources */ = {
			isa = PBXSourcesBuildPhase;
			buildActionMask = 2147483647;
			files = (
				CE34F96520C7BA8C0063B771 /* CocosViewController.mm in Sources */,
				CE34F90820C78C100063B771 /* AppDelegate.cpp in Sources */,
				CE34F95E20C7B8BA0063B771 /* CocosBridge.mm in Sources */,
				CE34F8F320C77A3F0063B771 /* ViewController.swift in Sources */,
				CE34F8F120C77A3F0063B771 /* AppDelegate.swift in Sources */,
				CE34F90720C78C100063B771 /* jsb_module_register.cpp in Sources */,
			);
			runOnlyForDeploymentPostprocessing = 0;
		};
/* End PBXSourcesBuildPhase section */

/* Begin PBXTargetDependency section */
		CE34F92620C78E880063B771 /* PBXTargetDependency */ = {
			isa = PBXTargetDependency;
			name = "libjscocos2d iOS";
			targetProxy = CE34F92520C78E880063B771 /* PBXContainerItemProxy */;
		};
		CE34F92820C78E880063B771 /* PBXTargetDependency */ = {
			isa = PBXTargetDependency;
			name = "libcocos2d iOS";
			targetProxy = CE34F92720C78E880063B771 /* PBXContainerItemProxy */;
		};
/* End PBXTargetDependency section */

/* Begin PBXVariantGroup section */
		CE34F8F420C77A3F0063B771 /* Main.storyboard */ = {
			isa = PBXVariantGroup;
			children = (
				CE34F8F520C77A3F0063B771 /* Base */,
			);
			name = Main.storyboard;
			sourceTree = "<group>";
		};
		CE34F8F920C77A420063B771 /* LaunchScreen.storyboard */ = {
			isa = PBXVariantGroup;
			children = (
				CE34F8FA20C77A420063B771 /* Base */,
			);
			name = LaunchScreen.storyboard;
			sourceTree = "<group>";
		};
/* End PBXVariantGroup section */

/* Begin XCBuildConfiguration section */
		CE34F8FD20C77A420063B771 /* Debug */ = {
			isa = XCBuildConfiguration;
			buildSettings = {
				ALWAYS_SEARCH_USER_PATHS = NO;
				CLANG_ANALYZER_NONNULL = YES;
				CLANG_ANALYZER_NUMBER_OBJECT_CONVERSION = YES_AGGRESSIVE;
				CLANG_CXX_LANGUAGE_STANDARD = "gnu++14";
				CLANG_CXX_LIBRARY = "libc++";
				CLANG_ENABLE_MODULES = YES;
				CLANG_ENABLE_OBJC_ARC = YES;
				CLANG_ENABLE_OBJC_WEAK = YES;
				CLANG_WARN_BLOCK_CAPTURE_AUTORELEASING = YES;
				CLANG_WARN_BOOL_CONVERSION = YES;
				CLANG_WARN_COMMA = YES;
				CLANG_WARN_CONSTANT_CONVERSION = YES;
				CLANG_WARN_DEPRECATED_OBJC_IMPLEMENTATIONS = YES;
				CLANG_WARN_DIRECT_OBJC_ISA_USAGE = YES_ERROR;
				CLANG_WARN_DOCUMENTATION_COMMENTS = YES;
				CLANG_WARN_EMPTY_BODY = YES;
				CLANG_WARN_ENUM_CONVERSION = YES;
				CLANG_WARN_INFINITE_RECURSION = YES;
				CLANG_WARN_INT_CONVERSION = YES;
				CLANG_WARN_NON_LITERAL_NULL_CONVERSION = YES;
				CLANG_WARN_OBJC_IMPLICIT_RETAIN_SELF = YES;
				CLANG_WARN_OBJC_LITERAL_CONVERSION = YES;
				CLANG_WARN_OBJC_ROOT_CLASS = YES_ERROR;
				CLANG_WARN_RANGE_LOOP_ANALYSIS = YES;
				CLANG_WARN_STRICT_PROTOTYPES = YES;
				CLANG_WARN_SUSPICIOUS_MOVE = YES;
				CLANG_WARN_UNGUARDED_AVAILABILITY = YES_AGGRESSIVE;
				CLANG_WARN_UNREACHABLE_CODE = YES;
				CLANG_WARN__DUPLICATE_METHOD_MATCH = YES;
				CODE_SIGN_IDENTITY = "iPhone Developer";
				COPY_PHASE_STRIP = NO;
				DEBUG_INFORMATION_FORMAT = dwarf;
				ENABLE_STRICT_OBJC_MSGSEND = YES;
				ENABLE_TESTABILITY = YES;
				GCC_C_LANGUAGE_STANDARD = gnu11;
				GCC_DYNAMIC_NO_PIC = NO;
				GCC_NO_COMMON_BLOCKS = YES;
				GCC_OPTIMIZATION_LEVEL = 0;
				GCC_PREPROCESSOR_DEFINITIONS = (
					"DEBUG=1",
					"$(inherited)",
				);
				GCC_WARN_64_TO_32_BIT_CONVERSION = YES;
				GCC_WARN_ABOUT_RETURN_TYPE = YES_ERROR;
				GCC_WARN_UNDECLARED_SELECTOR = YES;
				GCC_WARN_UNINITIALIZED_AUTOS = YES_AGGRESSIVE;
				GCC_WARN_UNUSED_FUNCTION = YES;
				GCC_WARN_UNUSED_VARIABLE = YES;
				IPHONEOS_DEPLOYMENT_TARGET = 11.3;
				MTL_ENABLE_DEBUG_INFO = YES;
				ONLY_ACTIVE_ARCH = YES;
				SDKROOT = iphoneos;
				SWIFT_ACTIVE_COMPILATION_CONDITIONS = DEBUG;
				SWIFT_OPTIMIZATION_LEVEL = "-Onone";
			};
			name = Debug;
		};
		CE34F8FE20C77A420063B771 /* Release */ = {
			isa = XCBuildConfiguration;
			buildSettings = {
				ALWAYS_SEARCH_USER_PATHS = NO;
				CLANG_ANALYZER_NONNULL = YES;
				CLANG_ANALYZER_NUMBER_OBJECT_CONVERSION = YES_AGGRESSIVE;
				CLANG_CXX_LANGUAGE_STANDARD = "gnu++14";
				CLANG_CXX_LIBRARY = "libc++";
				CLANG_ENABLE_MODULES = YES;
				CLANG_ENABLE_OBJC_ARC = YES;
				CLANG_ENABLE_OBJC_WEAK = YES;
				CLANG_WARN_BLOCK_CAPTURE_AUTORELEASING = YES;
				CLANG_WARN_BOOL_CONVERSION = YES;
				CLANG_WARN_COMMA = YES;
				CLANG_WARN_CONSTANT_CONVERSION = YES;
				CLANG_WARN_DEPRECATED_OBJC_IMPLEMENTATIONS = YES;
				CLANG_WARN_DIRECT_OBJC_ISA_USAGE = YES_ERROR;
				CLANG_WARN_DOCUMENTATION_COMMENTS = YES;
				CLANG_WARN_EMPTY_BODY = YES;
				CLANG_WARN_ENUM_CONVERSION = YES;
				CLANG_WARN_INFINITE_RECURSION = YES;
				CLANG_WARN_INT_CONVERSION = YES;
				CLANG_WARN_NON_LITERAL_NULL_CONVERSION = YES;
				CLANG_WARN_OBJC_IMPLICIT_RETAIN_SELF = YES;
				CLANG_WARN_OBJC_LITERAL_CONVERSION = YES;
				CLANG_WARN_OBJC_ROOT_CLASS = YES_ERROR;
				CLANG_WARN_RANGE_LOOP_ANALYSIS = YES;
				CLANG_WARN_STRICT_PROTOTYPES = YES;
				CLANG_WARN_SUSPICIOUS_MOVE = YES;
				CLANG_WARN_UNGUARDED_AVAILABILITY = YES_AGGRESSIVE;
				CLANG_WARN_UNREACHABLE_CODE = YES;
				CLANG_WARN__DUPLICATE_METHOD_MATCH = YES;
				CODE_SIGN_IDENTITY = "iPhone Developer";
				COPY_PHASE_STRIP = NO;
				DEBUG_INFORMATION_FORMAT = "dwarf-with-dsym";
				ENABLE_NS_ASSERTIONS = NO;
				ENABLE_STRICT_OBJC_MSGSEND = YES;
				GCC_C_LANGUAGE_STANDARD = gnu11;
				GCC_NO_COMMON_BLOCKS = YES;
				GCC_WARN_64_TO_32_BIT_CONVERSION = YES;
				GCC_WARN_ABOUT_RETURN_TYPE = YES_ERROR;
				GCC_WARN_UNDECLARED_SELECTOR = YES;
				GCC_WARN_UNINITIALIZED_AUTOS = YES_AGGRESSIVE;
				GCC_WARN_UNUSED_FUNCTION = YES;
				GCC_WARN_UNUSED_VARIABLE = YES;
				IPHONEOS_DEPLOYMENT_TARGET = 11.3;
				MTL_ENABLE_DEBUG_INFO = NO;
				SDKROOT = iphoneos;
				SWIFT_COMPILATION_MODE = wholemodule;
				SWIFT_OPTIMIZATION_LEVEL = "-O";
				VALIDATE_PRODUCT = YES;
			};
			name = Release;
		};
		CE34F90020C77A420063B771 /* Debug */ = {
			isa = XCBuildConfiguration;
			buildSettings = {
				ASSETCATALOG_COMPILER_APPICON_NAME = AppIcon;
				CODE_SIGN_STYLE = Automatic;
				DEVELOPMENT_TEAM = 472P9J8R6U;
				ENABLE_BITCODE = NO;
				HEADER_SEARCH_PATHS = (
					"$(inherited)",
					"$(SRCROOT)/cocos2d-x/cocos/platform/ios",
					"$(SRCROOT)/cocos2d-x/external/ios/include",
					"$(SRCROOT)/cocos2d-x/external/ios/include/spidermonkey",
					"$(SRCROOT)/cocos2d-x/external/ios/include/anysdk/appstore/",
					"$(SRCROOT)/cocos2d-x/cocos",
					"$(SRCROOT)/cocos2d-x",
					"$(SRCROOT)/cocos2d-x/external/sources",
					"$(SRCROOT)/cocos2d-x/cocos/editor-support",
				);
				INFOPLIST_FILE = CocosJS/Info.plist;
				IPHONEOS_DEPLOYMENT_TARGET = 8.0;
				LD_RUNPATH_SEARCH_PATHS = (
					"$(inherited)",
					"@executable_path/Frameworks",
				);
				PRODUCT_BUNDLE_IDENTIFIER = com.charles.CocosJS;
				PRODUCT_NAME = "$(TARGET_NAME)";
				SWIFT_OBJC_BRIDGING_HEADER = "CocosJS/CocosJS-Bridge-Header.h";
				SWIFT_VERSION = 4.0;
				TARGETED_DEVICE_FAMILY = "1,2";
			};
			name = Debug;
		};
		CE34F90120C77A420063B771 /* Release */ = {
			isa = XCBuildConfiguration;
			buildSettings = {
				ASSETCATALOG_COMPILER_APPICON_NAME = AppIcon;
				CODE_SIGN_STYLE = Automatic;
				DEVELOPMENT_TEAM = 472P9J8R6U;
				ENABLE_BITCODE = NO;
				HEADER_SEARCH_PATHS = (
					"$(inherited)",
					"$(SRCROOT)/cocos2d-x/cocos/platform/ios",
					"$(SRCROOT)/cocos2d-x/external/ios/include",
					"$(SRCROOT)/cocos2d-x/external/ios/include/spidermonkey",
					"$(SRCROOT)/cocos2d-x/external/ios/include/anysdk/appstore/",
					"$(SRCROOT)/cocos2d-x/cocos",
					"$(SRCROOT)/cocos2d-x",
					"$(SRCROOT)/cocos2d-x/external/sources",
					"$(SRCROOT)/cocos2d-x/cocos/editor-support",
				);
				INFOPLIST_FILE = CocosJS/Info.plist;
				IPHONEOS_DEPLOYMENT_TARGET = 8.0;
				LD_RUNPATH_SEARCH_PATHS = (
					"$(inherited)",
					"@executable_path/Frameworks",
				);
				PRODUCT_BUNDLE_IDENTIFIER = com.charles.CocosJS;
				PRODUCT_NAME = "$(TARGET_NAME)";
				SWIFT_OBJC_BRIDGING_HEADER = "CocosJS/CocosJS-Bridge-Header.h";
				SWIFT_VERSION = 4.0;
				TARGETED_DEVICE_FAMILY = "1,2";
			};
			name = Release;
		};
/* End XCBuildConfiguration section */

/* Begin XCConfigurationList section */
		CE34F8E820C77A3F0063B771 /* Build configuration list for PBXProject "CocosJS" */ = {
			isa = XCConfigurationList;
			buildConfigurations = (
				CE34F8FD20C77A420063B771 /* Debug */,
				CE34F8FE20C77A420063B771 /* Release */,
			);
			defaultConfigurationIsVisible = 0;
			defaultConfigurationName = Release;
		};
		CE34F8FF20C77A420063B771 /* Build configuration list for PBXNativeTarget "CocosJS" */ = {
			isa = XCConfigurationList;
			buildConfigurations = (
				CE34F90020C77A420063B771 /* Debug */,
				CE34F90120C77A420063B771 /* Release */,
			);
			defaultConfigurationIsVisible = 0;
			defaultConfigurationName = Release;
		};
/* End XCConfigurationList section */
	};
	rootObject = CE34F8E520C77A3F0063B771 /* Project object */;
}
